
Microsoft Visual Studio Solution File, Format Version 12.00
# Visual Studio 15
VisualStudioVersion = 15.0.27428.2043
MinimumVisualStudioVersion = 10.0.40219.1
Project("{FAE04EC0-301F-11D3-BF4B-00C04F79EFBC}") = "EdgemoTicketSystem", "EdgemoTicketSystem\EdgemoTicketSystem.csproj", "{92A2F531-ED91-426E-BB8A-20D38E325321}"
EndProject
Global
	GlobalSection(SolutionConfigurationPlatforms) = preSolution
		Debug|Any CPU = Debug|Any CPU
		Release|Any CPU = Release|Any CPU
	EndGlobalSection
	GlobalSection(ProjectConfigurationPlatforms) = postSolution
		{92A2F531-ED91-426E-BB8A-20D38E325321}.Debug|Any CPU.ActiveCfg = Debug|Any CPU
		{92A2F531-ED91-426E-BB8A-20D38E325321}.Debug|Any CPU.Build.0 = Debug|Any CPU
		{92A2F531-ED91-426E-BB8A-20D38E325321}.Release|Any CPU.ActiveCfg = Release|Any CPU
		{92A2F531-ED91-426E-BB8A-20D38E325321}.Release|Any CPU.Build.0 = Release|Any CPU
	EndGlobalSection
	GlobalSection(SolutionProperties) = preSolution
		HideSolutionNode = FALSE
	EndGlobalSection
	GlobalSection(ExtensibilityGlobals) = postSolution
		SolutionGuid = {C97C82CE-95C6-4BD9-832C-8D8538A52AC8}
	EndGlobalSection
EndGlobal
